// !$*UTF8*$!
{
	archiveVersion = 1;
	classes = {
	};
	objectVersion = 46;
	objects = {

/* Begin PBXBuildFile section */
		C99158C11EB0DB0300967B11 /* main.m in Sources */ = {isa = PBXBuildFile; fileRef = C99158C01EB0DB0300967B11 /* main.m */; };
		C99158C41EB0DB0300967B11 /* AppDelegate.m in Sources */ = {isa = PBXBuildFile; fileRef = C99158C31EB0DB0300967B11 /* AppDelegate.m */; };
		C99158C71EB0DB0300967B11 /* ViewController.m in Sources */ = {isa = PBXBuildFile; fileRef = C99158C61EB0DB0300967B11 /* ViewController.m */; };
		C99158CA1EB0DB0300967B11 /* Main.storyboard in Resources */ = {isa = PBXBuildFile; fileRef = C99158C81EB0DB0300967B11 /* Main.storyboard */; };
		C99158CC1EB0DB0300967B11 /* Assets.xcassets in Resources */ = {isa = PBXBuildFile; fileRef = C99158CB1EB0DB0300967B11 /* Assets.xcassets */; };
		C99158CF1EB0DB0300967B11 /* LaunchScreen.storyboard in Resources */ = {isa = PBXBuildFile; fileRef = C99158CD1EB0DB0300967B11 /* LaunchScreen.storyboard */; };
		C99158D91EB0DBA000967B11 /* NSNumber+FHExtend.m in Sources */ = {isa = PBXBuildFile; fileRef = C99158D81EB0DBA000967B11 /* NSNumber+FHExtend.m */; };
		C99158DC1EB0DD0F00967B11 /* NSString+FHExtend.m in Sources */ = {isa = PBXBuildFile; fileRef = C99158DB1EB0DD0F00967B11 /* NSString+FHExtend.m */; };
		C99158DF1EB0DFF600967B11 /* NSData+FHExtend.m in Sources */ = {isa = PBXBuildFile; fileRef = C99158DE1EB0DFF600967B11 /* NSData+FHExtend.m */; };
		C99158E21EB0E22900967B11 /* NSArray+FHExtend.m in Sources */ = {isa = PBXBuildFile; fileRef = C99158E11EB0E22900967B11 /* NSArray+FHExtend.m */; };
/* End PBXBuildFile section */

/* Begin PBXFileReference section */
		C99158BC1EB0DB0300967B11 /* FHCategroyDemo.app */ = {isa = PBXFileReference; explicitFileType = wrapper.application; includeInIndex = 0; path = FHCategroyDemo.app; sourceTree = BUILT_PRODUCTS_DIR; };
		C99158C01EB0DB0300967B11 /* main.m */ = {isa = PBXFileReference; lastKnownFileType = sourcecode.c.objc; path = main.m; sourceTree = "<group>"; };
		C99158C21EB0DB0300967B11 /* AppDelegate.h */ = {isa = PBXFileReference; lastKnownFileType = sourcecode.c.h; path = AppDelegate.h; sourceTree = "<group>"; };
		C99158C31EB0DB0300967B11 /* AppDelegate.m */ = {isa = PBXFileReference; lastKnownFileType = sourcecode.c.objc; path = AppDelegate.m; sourceTree = "<group>"; };
		C99158C51EB0DB0300967B11 /* ViewController.h */ = {isa = PBXFileReference; lastKnownFileType = sourcecode.c.h; path = ViewController.h; sourceTree = "<group>"; };
		C99158C61EB0DB0300967B11 /* ViewController.m */ = {isa = PBXFileReference; lastKnownFileType = sourcecode.c.objc; path = ViewController.m; sourceTree = "<group>"; };
		C99158C91EB0DB0300967B11 /* Base */ = {isa = PBXFileReference; lastKnownFileType = file.storyboard; name = Base; path = Base.lproj/Main.storyboard; sourceTree = "<group>"; };
		C99158CB1EB0DB0300967B11 /* Assets.xcassets */ = {isa = PBXFileReference; lastKnownFileType = folder.assetcatalog; path = Assets.xcassets; sourceTree = "<group>"; };
		C99158CE1EB0DB0300967B11 /* Base */ = {isa = PBXFileReference; lastKnownFileType = file.storyboard; name = Base; path = Base.lproj/LaunchScreen.storyboard; sourceTree = "<group>"; };
		C99158D01EB0DB0300967B11 /* Info.plist */ = {isa = PBXFileReference; lastKnownFileType = text.plist.xml; path = Info.plist; sourceTree = "<group>"; };
		C99158D71EB0DBA000967B11 /* NSNumber+FHExtend.h */ = {isa = PBXFileReference; fileEncoding = 4; lastKnownFileType = sourcecode.c.h; path = "NSNumber+FHExtend.h"; sourceTree = "<group>"; };
		C99158D81EB0DBA000967B11 /* NSNumber+FHExtend.m */ = {isa = PBXFileReference; fileEncoding = 4; lastKnownFileType = sourcecode.c.objc; path = "NSNumber+FHExtend.m"; sourceTree = "<group>"; };
		C99158DA1EB0DD0F00967B11 /* NSString+FHExtend.h */ = {isa = PBXFileReference; fileEncoding = 4; lastKnownFileType = sourcecode.c.h; path = "NSString+FHExtend.h"; sourceTree = "<group>"; };
		C99158DB1EB0DD0F00967B11 /* NSString+FHExtend.m */ = {isa = PBXFileReference; fileEncoding = 4; lastKnownFileType = sourcecode.c.objc; path = "NSString+FHExtend.m"; sourceTree = "<group>"; };
		C99158DD1EB0DFF600967B11 /* NSData+FHExtend.h */ = {isa = PBXFileReference; fileEncoding = 4; lastKnownFileType = sourcecode.c.h; path = "NSData+FHExtend.h"; sourceTree = "<group>"; };
		C99158DE1EB0DFF600967B11 /* NSData+FHExtend.m */ = {isa = PBXFileReference; fileEncoding = 4; lastKnownFileType = sourcecode.c.objc; path = "NSData+FHExtend.m"; sourceTree = "<group>"; };
		C99158E01EB0E22900967B11 /* NSArray+FHExtend.h */ = {isa = PBXFileReference; fileEncoding = 4; lastKnownFileType = sourcecode.c.h; path = "NSArray+FHExtend.h"; sourceTree = "<group>"; };
		C99158E11EB0E22900967B11 /* NSArray+FHExtend.m */ = {isa = PBXFileReference; fileEncoding = 4; lastKnownFileType = sourcecode.c.objc; path = "NSArray+FHExtend.m"; sourceTree = "<group>"; };
		C99158E31EB0EFF000967B11 /* FHCategory.h */ = {isa = PBXFileReference; fileEncoding = 4; lastKnownFileType = sourcecode.c.h; path = FHCategory.h; sourceTree = "<group>"; };
/* End PBXFileReference section */

/* Begin PBXFrameworksBuildPhase section */
		C99158B91EB0DB0200967B11 /* Frameworks */ = {
			isa = PBXFrameworksBuildPhase;
			buildActionMask = 2147483647;
			files = (
			);
			runOnlyForDeploymentPostprocessing = 0;
		};
/* End PBXFrameworksBuildPhase section */

/* Begin PBXGroup section */
		C99158B31EB0DB0200967B11 = {
			isa = PBXGroup;
			children = (
				C99158D61EB0DB1500967B11 /* FHCategory */,
				C99158BE1EB0DB0300967B11 /* FHCategroyDemo */,
				C99158BD1EB0DB0300967B11 /* Products */,
			);
			sourceTree = "<group>";
		};
		C99158BD1EB0DB0300967B11 /* Products */ = {
			isa = PBXGroup;
			children = (
				C99158BC1EB0DB0300967B11 /* FHCategroyDemo.app */,
			);
			name = Products;
			sourceTree = "<group>";
		};
		C99158BE1EB0DB0300967B11 /* FHCategroyDemo */ = {
			isa = PBXGroup;
			children = (
				C99158C21EB0DB0300967B11 /* AppDelegate.h */,
				C99158C31EB0DB0300967B11 /* AppDelegate.m */,
				C99158C51EB0DB0300967B11 /* ViewController.h */,
				C99158C61EB0DB0300967B11 /* ViewController.m */,
				C99158C81EB0DB0300967B11 /* Main.storyboard */,
				C99158CB1EB0DB0300967B11 /* Assets.xcassets */,
				C99158CD1EB0DB0300967B11 /* LaunchScreen.storyboard */,
				C99158D01EB0DB0300967B11 /* Info.plist */,
				C99158BF1EB0DB0300967B11 /* Supporting Files */,
			);
			path = FHCategroyDemo;
			sourceTree = "<group>";
		};
		C99158BF1EB0DB0300967B11 /* Supporting Files */ = {
			isa = PBXGroup;
			children = (
				C99158C01EB0DB0300967B11 /* main.m */,
			);
			name = "Supporting Files";
			sourceTree = "<group>";
		};
		C99158D61EB0DB1500967B11 /* FHCategory */ = {
			isa = PBXGroup;
			children = (
				C99158D71EB0DBA000967B11 /* NSNumber+FHExtend.h */,
				C99158D81EB0DBA000967B11 /* NSNumber+FHExtend.m */,
				C99158DA1EB0DD0F00967B11 /* NSString+FHExtend.h */,
				C99158DB1EB0DD0F00967B11 /* NSString+FHExtend.m */,
				C99158DD1EB0DFF600967B11 /* NSData+FHExtend.h */,
				C99158DE1EB0DFF600967B11 /* NSData+FHExtend.m */,
				C99158E01EB0E22900967B11 /* NSArray+FHExtend.h */,
				C99158E11EB0E22900967B11 /* NSArray+FHExtend.m */,
				C99158E31EB0EFF000967B11 /* FHCategory.h */,
			);
			path = FHCategory;
			sourceTree = "<group>";
		};
/* End PBXGroup section */

/* Begin PBXNativeTarget section */
		C99158BB1EB0DB0200967B11 /* FHCategroyDemo */ = {
			isa = PBXNativeTarget;
			buildConfigurationList = C99158D31EB0DB0300967B11 /* Build configuration list for PBXNativeTarget "FHCategroyDemo" */;
			buildPhases = (
				C99158B81EB0DB0200967B11 /* Sources */,
				C99158B91EB0DB0200967B11 /* Frameworks */,
				C99158BA1EB0DB0200967B11 /* Resources */,
			);
			buildRules = (
			);
			dependencies = (
			);
			name = FHCategroyDemo;
			productName = FHCategroyDemo;
			productReference = C99158BC1EB0DB0300967B11 /* FHCategroyDemo.app */;
			productType = "com.apple.product-type.application";
		};
/* End PBXNativeTarget section */

/* Begin PBXProject section */
		C99158B41EB0DB0200967B11 /* Project object */ = {
			isa = PBXProject;
			attributes = {
				LastUpgradeCheck = 0820;
				ORGANIZATIONNAME = GodL;
				TargetAttributes = {
					C99158BB1EB0DB0200967B11 = {
						CreatedOnToolsVersion = 8.2.1;
						DevelopmentTeam = DHF573YC2L;
						ProvisioningStyle = Automatic;
					};
				};
			};
			buildConfigurationList = C99158B71EB0DB0200967B11 /* Build configuration list for PBXProject "FHCategroyDemo" */;
			compatibilityVersion = "Xcode 3.2";
			developmentRegion = English;
			hasScannedForEncodings = 0;
			knownRegions = (
				en,
				Base,
			);
			mainGroup = C99158B31EB0DB0200967B11;
			productRefGroup = C99158BD1EB0DB0300967B11 /* Products */;
			projectDirPath = "";
			projectRoot = "";
			targets = (
				C99158BB1EB0DB0200967B11 /* FHCategroyDemo */,
			);
		};
/* End PBXProject section */

/* Begin PBXResourcesBuildPhase section */
		C99158BA1EB0DB0200967B11 /* Resources */ = {
			isa = PBXResourcesBuildPhase;
			buildActionMask = 2147483647;
			files = (
				C99158CF1EB0DB0300967B11 /* LaunchScreen.storyboard in Resources */,
				C99158CC1EB0DB0300967B11 /* Assets.xcassets in Resources */,
				C99158CA1EB0DB0300967B11 /* Main.storyboard in Resources */,
			);
			runOnlyForDeploymentPostprocessing = 0;
		};
/* End PBXResourcesBuildPhase section */

/* Begin PBXSourcesBuildPhase section */
		C99158B81EB0DB0200967B11 /* Sources */ = {
			isa = PBXSourcesBuildPhase;
			buildActionMask = 2147483647;
			files = (
				C99158E21EB0E22900967B11 /* NSArray+FHExtend.m in Sources */,
				C99158C71EB0DB0300967B11 /* ViewController.m in Sources */,
				C99158D91EB0DBA000967B11 /* NSNumber+FHExtend.m in Sources */,
				C99158C41EB0DB0300967B11 /* AppDelegate.m in Sources */,
				C99158DC1EB0DD0F00967B11 /* NSString+FHExtend.m in Sources */,
				C99158DF1EB0DFF600967B11 /* NSData+FHExtend.m in Sources */,
				C99158C11EB0DB0300967B11 /* main.m in Sources */,
			);
			runOnlyForDeploymentPostprocessing = 0;
		};
/* End PBXSourcesBuildPhase section */

/* Begin PBXVariantGroup section */
		C99158C81EB0DB0300967B11 /* Main.storyboard */ = {
			isa = PBXVariantGroup;
			children = (
				C99158C91EB0DB0300967B11 /* Base */,
			);
			name = Main.storyboard;
			sourceTree = "<group>";
		};
		C99158CD1EB0DB0300967B11 /* LaunchScreen.storyboard */ = {
			isa = PBXVariantGroup;
			children = (
				C99158CE1EB0DB0300967B11 /* Base */,
			);
			name = LaunchScreen.storyboard;
			sourceTree = "<group>";
		};
/* End PBXVariantGroup section */

/* Begin XCBuildConfiguration section */
		C99158D11EB0DB0300967B11 /* Debug */ = {
			isa = XCBuildConfiguration;
			buildSettings = {
				ALWAYS_SEARCH_USER_PATHS = NO;
				CLANG_ANALYZER_NONNULL = YES;
				CLANG_CXX_LANGUAGE_STANDARD = "gnu++0x";
				CLANG_CXX_LIBRARY = "libc++";
				CLANG_ENABLE_MODULES = YES;
				CLANG_ENABLE_OBJC_ARC = YES;
				CLANG_WARN_BOOL_CONVERSION = YES;
				CLANG_WARN_CONSTANT_CONVERSION = YES;
				CLANG_WARN_DIRECT_OBJC_ISA_USAGE = YES_ERROR;
				CLANG_WARN_DOCUMENTATION_COMMENTS = YES;
				CLANG_WARN_EMPTY_BODY = YES;
				CLANG_WARN_ENUM_CONVERSION = YES;
				CLANG_WARN_INFINITE_RECURSION = YES;
				CLANG_WARN_INT_CONVERSION = YES;
				CLANG_WARN_OBJC_ROOT_CLASS = YES_ERROR;
				CLANG_WARN_SUSPICIOUS_MOVE = YES;
				CLANG_WARN_UNREACHABLE_CODE = YES;
				CLANG_WARN__DUPLICATE_METHOD_MATCH = YES;
				"CODE_SIGN_IDENTITY[sdk=iphoneos*]" = "iPhone Developer";
				COPY_PHASE_STRIP = NO;
				DEBUG_INFORMATION_FORMAT = dwarf;
				ENABLE_STRICT_OBJC_MSGSEND = YES;
				ENABLE_TESTABILITY = YES;
				GCC_C_LANGUAGE_STANDARD = gnu99;
				GCC_DYNAMIC_NO_PIC = NO;
				GCC_NO_COMMON_BLOCKS = YES;
				GCC_OPTIMIZATION_LEVEL = 0;
				GCC_PREPROCESSOR_DEFINITIONS = (
					"DEBUG=1",
					"$(inherited)",
				);
				GCC_WARN_64_TO_32_BIT_CONVERSION = YES;
				GCC_WARN_ABOUT_RETURN_TYPE = YES_ERROR;
				GCC_WARN_UNDECLARED_SELECTOR = YES;
				GCC_WARN_UNINITIALIZED_AUTOS = YES_AGGRESSIVE;
				GCC_WARN_UNUSED_FUNCTION = YES;
				GCC_WARN_UNUSED_VARIABLE = YES;
				IPHONEOS_DEPLOYMENT_TARGET = 10.2;
				MTL_ENABLE_DEBUG_INFO = YES;
				ONLY_ACTIVE_ARCH = YES;
				SDKROOT = iphoneos;
				TARGETED_DEVICE_FAMILY = "1,2";
			};
			name = Debug;
		};
		C99158D21EB0DB0300967B11 /* Release */ = {
			isa = XCBuildConfiguration;
			buildSettings = {
				ALWAYS_SEARCH_USER_PATHS = NO;
				CLANG_ANALYZER_NONNULL = YES;
				CLANG_CXX_LANGUAGE_STANDARD = "gnu++0x";
				CLANG_CXX_LIBRARY = "libc++";
				CLANG_ENABLE_MODULES = YES;
				CLANG_ENABLE_OBJC_ARC = YES;
				CLANG_WARN_BOOL_CONVERSION = YES;
				CLANG_WARN_CONSTANT_CONVERSION = YES;
				CLANG_WARN_DIRECT_OBJC_ISA_USAGE = YES_ERROR;
				CLANG_WARN_DOCUMENTATION_COMMENTS = YES;
				CLANG_WARN_EMPTY_BODY = YES;
				CLANG_WARN_ENUM_CONVERSION = YES;
				CLANG_WARN_INFINITE_RECURSION = YES;
				CLANG_WARN_INT_CONVERSION = YES;
				CLANG_WARN_OBJC_ROOT_CLASS = YES_ERROR;
				CLANG_WARN_SUSPICIOUS_MOVE = YES;
				CLANG_WARN_UNREACHABLE_CODE = YES;
				CLANG_WARN__DUPLICATE_METHOD_MATCH = YES;
				"CODE_SIGN_IDENTITY[sdk=iphoneos*]" = "iPhone Developer";
				COPY_PHASE_STRIP = NO;
				DEBUG_INFORMATION_FORMAT = "dwarf-with-dsym";
				ENABLE_NS_ASSERTIONS = NO;
				ENABLE_STRICT_OBJC_MSGSEND = YES;
				GCC_C_LANGUAGE_STANDARD = gnu99;
				GCC_NO_COMMON_BLOCKS = YES;
				GCC_WARN_64_TO_32_BIT_CONVERSION = YES;
				GCC_WARN_ABOUT_RETURN_TYPE = YES_ERROR;
				GCC_WARN_UNDECLARED_SELECTOR = YES;
				GCC_WARN_UNINITIALIZED_AUTOS = YES_AGGRESSIVE;
				GCC_WARN_UNUSED_FUNCTION = YES;
				GCC_WARN_UNUSED_VARIABLE = YES;
				IPHONEOS_DEPLOYMENT_TARGET = 10.2;
				MTL_ENABLE_DEBUG_INFO = NO;
				SDKROOT = iphoneos;
				TARGETED_DEVICE_FAMILY = "1,2";
				VALIDATE_PRODUCT = YES;
			};
			name = Release;
		};
		C99158D41EB0DB0300967B11 /* Debug */ = {
			isa = XCBuildConfiguration;
			buildSettings = {
				ASSETCATALOG_COMPILER_APPICON_NAME = AppIcon;
				DEVELOPMENT_TEAM = DHF573YC2L;
				INFOPLIST_FILE = FHCategroyDemo/Info.plist;
				LD_RUNPATH_SEARCH_PATHS = "$(inherited) @executable_path/Frameworks";
				PRODUCT_BUNDLE_IDENTIFIER = com.GodL.FHCategroyDemo;
				PRODUCT_NAME = "$(TARGET_NAME)";
			};
			name = Debug;
		};
		C99158D51EB0DB0300967B11 /* Release */ = {
			isa = XCBuildConfiguration;
			buildSettings = {
				ASSETCATALOG_COMPILER_APPICON_NAME = AppIcon;
				DEVELOPMENT_TEAM = DHF573YC2L;
				INFOPLIST_FILE = FHCategroyDemo/Info.plist;
				LD_RUNPATH_SEARCH_PATHS = "$(inherited) @executable_path/Frameworks";
				PRODUCT_BUNDLE_IDENTIFIER = com.GodL.FHCategroyDemo;
				PRODUCT_NAME = "$(TARGET_NAME)";
			};
			name = Release;
		};
/* End XCBuildConfiguration section */

/* Begin XCConfigurationList section */
		C99158B71EB0DB0200967B11 /* Build configuration list for PBXProject "FHCategroyDemo" */ = {
			isa = XCConfigurationList;
			buildConfigurations = (
				C99158D11EB0DB0300967B11 /* Debug */,
				C99158D21EB0DB0300967B11 /* Release */,
			);
			defaultConfigurationIsVisible = 0;
			defaultConfigurationName = Release;
		};
		C99158D31EB0DB0300967B11 /* Build configuration list for PBXNativeTarget "FHCategroyDemo" */ = {
			isa = XCConfigurationList;
			buildConfigurations = (
				C99158D41EB0DB0300967B11 /* Debug */,
				C99158D51EB0DB0300967B11 /* Release */,
			);
			defaultConfigurationIsVisible = 0;
			defaultConfigurationName = Release;
		};
/* End XCConfigurationList section */
	};
	rootObject = C99158B41EB0DB0200967B11 /* Project object */;
}
